
Microsoft Visual Studio Solution File, Format Version 12.00
# Visual Studio Version 16
VisualStudioVersion = 16.0.29020.237
MinimumVisualStudioVersion = 10.0.40219.1
Project("{FAE04EC0-301F-11D3-BF4B-00C04F79EFBC}") = "DesignPatterns", "DesignPatterns\DesignPatterns.csproj", "{0DA28D05-061B-4605-B741-D6BA6F4B65F9}"
EndProject
Project("{FAE04EC0-301F-11D3-BF4B-00C04F79EFBC}") = "DesignPatterns.Test", "DesignPatterns.Test\DesignPatterns.Test.csproj", "{2FDB7CE0-7CE4-45DD-9CC1-84D5BA30802E}"
EndProject
Global
	GlobalSection(SolutionConfigurationPlatforms) = preSolution
		Debug|Any CPU = Debug|Any CPU
		Release|Any CPU = Release|Any CPU
	EndGlobalSection
	GlobalSection(ProjectConfigurationPlatforms) = postSolution
		{0DA28D05-061B-4605-B741-D6BA6F4B65F9}.Debug|Any CPU.ActiveCfg = Debug|Any CPU
		{0DA28D05-061B-4605-B741-D6BA6F4B65F9}.Debug|Any CPU.Build.0 = Debug|Any CPU
		{0DA28D05-061B-4605-B741-D6BA6F4B65F9}.Release|Any CPU.ActiveCfg = Release|Any CPU
		{0DA28D05-061B-4605-B741-D6BA6F4B65F9}.Release|Any CPU.Build.0 = Release|Any CPU
		{2FDB7CE0-7CE4-45DD-9CC1-84D5BA30802E}.Debug|Any CPU.ActiveCfg = Debug|Any CPU
		{2FDB7CE0-7CE4-45DD-9CC1-84D5BA30802E}.Debug|Any CPU.Build.0 = Debug|Any CPU
		{2FDB7CE0-7CE4-45DD-9CC1-84D5BA30802E}.Release|Any CPU.ActiveCfg = Release|Any CPU
		{2FDB7CE0-7CE4-45DD-9CC1-84D5BA30802E}.Release|Any CPU.Build.0 = Release|Any CPU
	EndGlobalSection
	GlobalSection(SolutionProperties) = preSolution
		HideSolutionNode = FALSE
	EndGlobalSection
	GlobalSection(ExtensibilityGlobals) = postSolution
		SolutionGuid = {2D0FAF98-9439-48F2-9DBD-C2A9472622C6}
	EndGlobalSection
EndGlobal
